# This file is automatically @generated by Cargo.
# It is not intended for manual editing.
version = 4

[[package]]
name = "autocfg"
version = "1.4.0"
source = "registry+https://github.com/rust-lang/crates.io-index"
checksum = "ace50bade8e6234aa140d9a2f552bbee1db4d353f69b8217bc503490fc1a9f26"

[[package]]
name = "bit-vec"
version = "0.8.0"
source = "registry+https://github.com/rust-lang/crates.io-index"
checksum = "5e764a1d40d510daf35e07be9eb06e75770908c27d411ee6c92109c9840eaaf7"

[[package]]
name = "bytemuck"
version = "1.25.2"
source = "registry+https://github.com/rust-lang/crates.io-index"
checksum = "95832e849adfb21180ccb6826a99da14e5d266ae5c2e668e1602cf234f153797"

[[package]]
name = "cfg-if"
version = "1.0.5"
source = "registry+https://github.com/rust-lang/crates.io-index"
checksum = "4e7648175b45a9a48536d676f68d918270699102aa8dab5496df06904c914600"

[[package]]
name = "dataview"
version = "1.0.2"
source = "registry+https://github.com/rust-lang/crates.io-index"
checksum = "daba87f72c730b508641c9fb6411fc9bba73939eed2cab611c399500511880d0"

[[package]]
name = "either"
version = "1.18.0"
source = "registry+https://github.com/rust-lang/crates.io-index"
checksum = "252afb9ae5eaa683babdc6a068b3f5726eb19e05070c731f9b2a23a7c3e8ed34"

[[package]]
name = "foldhash"
version = "0.2.0"
source = "registry+https://github.com/rust-lang/crates.io-index"
checksum = "77ce24cb58228fbb8aa041425bb1050850ac19177686ea6e0f41a70416f56fdb"

[[package]]
name = "getrandom"
version = "0.2.17"
source = "registry+https://github.com/rust-lang/crates.io-index"
checksum = "ff2abc00be7fca6ebc474524697ae276ad847ad0a6b3faa4bcb027e9a4614ad0"
dependencies = [
 "cfg-if",
 "libc",
 "wasi",
]

[[package]]
name = "hashbrown"
version = "0.16.1"
source = "registry+https://github.com/rust-lang/crates.io-index"
checksum = "841d1cc9bed7f9236f321df977030373f4a4163ae1a7dbfe1a51a2c1a51d9100"
dependencies = [
 "foldhash",
]

[[package]]
name = "itertools"
version = "0.14.0"
source = "registry+https://github.com/rust-lang/crates.io-index"
checksum = "2b192c782037fadd9cfa75548310488aabdbf3d2da73885b31bd0abd03351285"
dependencies = [
 "either",
]

[[package]]
name = "libc"
version = "0.2.169"
source = "registry+https://github.com/rust-lang/crates.io-index"
checksum = "b5aba8db14291edd000dfcc4d620c7ebfb122c613afb886ca8803fa4e128a20a"

[[package]]
name = "libm"
version = "0.2.16"
source = "registry+https://github.com/rust-lang/crates.io-index"
checksum = "b6d2cec3eae94f9f509c767b45932f1ada8350c4bdb85af2fcab4a3c14807981"

[[package]]
name = "malachite"
version = "0.12.0"
source = "registry+https://github.com/rust-lang/crates.io-index"
checksum = "dff3259e8f57e75f6e210329c582d708e3ae2b739ec78d850cbb6298483c9e33"
dependencies = [
 "malachite-base",
 "malachite-float",
 "malachite-nz",
 "malachite-q",
]

[[package]]
name = "malachite-base"
version = "0.12.0"
source = "registry+https://github.com/rust-lang/crates.io-index"
checksum = "f368e032195e6f046f237a982cd541cac7d4e17d5c680cac5534dfa71cd8879e"
dependencies = [
 "hashbrown",
 "itertools",
 "libm",
 "ryu",
]

[[package]]
name = "malachite-float"
version = "0.12.0"
source = "registry+https://github.com/rust-lang/crates.io-index"
checksum = "3a38a12ef57ccd2b0820abea44dfebebc7c64b79f4f4101eb56f246aadbb4cd3"
dependencies = [
 "itertools",
 "malachite-base",
 "malachite-nz",
 "malachite-q",
]

[[package]]
name = "malachite-nz"
version = "0.12.0"
source = "registry+https://github.com/rust-lang/crates.io-index"
checksum = "ec0b3ad1a8d2a722fbfad2e1fc7c5044f7ab38e027240cfbcb086a62ca95c9c2"
dependencies = [
 "itertools",
 "libm",
 "malachite-base",
 "wide",
]

[[package]]
name = "malachite-q"
version = "0.12.0"
source = "registry+https://github.com/rust-lang/crates.io-index"
checksum = "7841d36b3f5d39f1c65d4bcc45cb104fde66cf7eafc10da3922483fa2847cb94"
dependencies = [
 "itertools",
 "libm",
 "malachite-base",
 "malachite-nz",
]

[[package]]
name = "num-traits"
version = "0.2.19"
source = "registry+https://github.com/rust-lang/crates.io-index"
checksum = "071dfc062690e90b734c0b2273ce72ad0ffa95f0c74596bc250dcfd960262841"
dependencies = [
 "autocfg",
]

[[package]]
name = "number_stuff"
version = "0.1.0"
dependencies = [
 "bit-vec",
 "malachite",
 "num-traits",
 "urandom",
]

[[package]]
name = "ryu"
version = "1.0.23"
source = "registry+https://github.com/rust-lang/crates.io-index"
checksum = "9774ba4a74de5f7b1c1451ed6cd5285a32eddb5cccb8cc655a4e50009e06477f"

[[package]]
name = "safe_arch"
version = "1.2.0"
source = "registry+https://github.com/rust-lang/crates.io-index"
checksum = "42c6efa15875e6ecb39ca61fb0b0c1a40b84fac5a5ffe71eef7d1000c8eb3f5f"
dependencies = [
 "bytemuck",
]

[[package]]
name = "urandom"
version = "0.2.2"
source = "registry+https://github.com/rust-lang/crates.io-index"
checksum = "9278e3c053b800e9ade3bde18b23a8354337965913bedaea4ab306b391772e1b"
dependencies = [
 "cfg-if",
 "dataview",
 "getrandom",
]

[[package]]
name = "wasi"
version = "0.11.1+wasi-snapshot-preview1"
source = "registry+https://github.com/rust-lang/crates.io-index"
checksum = "ccf3ec651a847eb01de73ccad15eb7d99f80485de043efb2f370cd654f4ea44b"

[[package]]
name = "wide"
version = "1.7.1"
source = "registry+https://github.com/rust-lang/crates.io-index"
checksum = "d920ac99c3c8edce110cb8d07dbb324d6d026011dce85b1e9355b70f0adacc4f"
dependencies = [
 "bytemuck",
 "safe_arch",
]
